
Microsoft Visual Studio Solution File, Format Version 12.00
# Visual Studio Version 16
VisualStudioVersion = 16.0.30523.141
MinimumVisualStudioVersion = 10.0.40219.1
Project("{9A19103F-16F7-4668-BE54-9A1E7A4F7556}") = "FinanceManager.web", "FinanceManager.web\FinanceManager.web.csproj", "{FE564DF4-47E8-43B7-89DA-715308B1CCEE}"
EndProject
Global
	GlobalSection(SolutionConfigurationPlatforms) = preSolution
		Debug|Any CPU = Debug|Any CPU
		Release|Any CPU = Release|Any CPU
	EndGlobalSection
	GlobalSection(ProjectConfigurationPlatforms) = postSolution
		{FE564DF4-47E8-43B7-89DA-715308B1CCEE}.Debug|Any CPU.ActiveCfg = Debug|Any CPU
		{FE564DF4-47E8-43B7-89DA-715308B1CCEE}.Debug|Any CPU.Build.0 = Debug|Any CPU
		{FE564DF4-47E8-43B7-89DA-715308B1CCEE}.Release|Any CPU.ActiveCfg = Release|Any CPU
		{FE564DF4-47E8-43B7-89DA-715308B1CCEE}.Release|Any CPU.Build.0 = Release|Any CPU
	EndGlobalSection
	GlobalSection(SolutionProperties) = preSolution
		HideSolutionNode = FALSE
	EndGlobalSection
	GlobalSection(ExtensibilityGlobals) = postSolution
		SolutionGuid = {AC69676D-7DF0-4B61-B872-7B18809EDEBF}
	EndGlobalSection
EndGlobal
